// !$*UTF8*$!
{
	archiveVersion = 1;
	classes = {
	};
	objectVersion = 50;
	objects = {

/* Begin PBXBuildFile section */
		532DD2DC25609D8E0026A8F9 /* AppDelegate.swift in Sources */ = {isa = PBXBuildFile; fileRef = 532DD2DB25609D8E0026A8F9 /* AppDelegate.swift */; };
		532DD2DE25609D8E0026A8F9 /* SceneDelegate.swift in Sources */ = {isa = PBXBuildFile; fileRef = 532DD2DD25609D8E0026A8F9 /* SceneDelegate.swift */; };
		532DD2E025609D8E0026A8F9 /* ViewController.swift in Sources */ = {isa = PBXBuildFile; fileRef = 532DD2DF25609D8E0026A8F9 /* ViewController.swift */; };
		532DD2E325609D8E0026A8F9 /* Main.storyboard in Resources */ = {isa = PBXBuildFile; fileRef = 532DD2E125609D8E0026A8F9 /* Main.storyboard */; };
		532DD2E525609D900026A8F9 /* Assets.xcassets in Resources */ = {isa = PBXBuildFile; fileRef = 532DD2E425609D900026A8F9 /* Assets.xcassets */; };
		532DD2E825609D900026A8F9 /* LaunchScreen.storyboard in Resources */ = {isa = PBXBuildFile; fileRef = 532DD2E625609D900026A8F9 /* LaunchScreen.storyboard */; };
		532DD2F325609D900026A8F9 /* HelloWorldAppTests.swift in Sources */ = {isa = PBXBuildFile; fileRef = 532DD2F225609D900026A8F9 /* HelloWorldAppTests.swift */; };
		532DD2FE25609D900026A8F9 /* HelloWorldAppUITests.swift in Sources */ = {isa = PBXBuildFile; fileRef = 532DD2FD25609D900026A8F9 /* HelloWorldAppUITests.swift */; };
/* End PBXBuildFile section */

/* Begin PBXContainerItemProxy section */
		532DD2EF25609D900026A8F9 /* PBXContainerItemProxy */ = {
			isa = PBXContainerItemProxy;
			containerPortal = 532DD2D025609D8E0026A8F9 /* Project object */;
			proxyType = 1;
			remoteGlobalIDString = 532DD2D725609D8E0026A8F9;
			remoteInfo = HelloWorldApp;
		};
		532DD2FA25609D900026A8F9 /* PBXContainerItemProxy */ = {
			isa = PBXContainerItemProxy;
			containerPortal = 532DD2D025609D8E0026A8F9 /* Project object */;
			proxyType = 1;
			remoteGlobalIDString = 532DD2D725609D8E0026A8F9;
			remoteInfo = HelloWorldApp;
		};
/* End PBXContainerItemProxy section */

/* Begin PBXFileReference section */
		532DD2D825609D8E0026A8F9 /* HelloWorldApp.app */ = {isa = PBXFileReference; explicitFileType = wrapper.application; includeInIndex = 0; path = HelloWorldApp.app; sourceTree = BUILT_PRODUCTS_DIR; };
		532DD2DB25609D8E0026A8F9 /* AppDelegate.swift */ = {isa = PBXFileReference; lastKnownFileType = sourcecode.swift; path = AppDelegate.swift; sourceTree = "<group>"; };
		532DD2DD25609D8E0026A8F9 /* SceneDelegate.swift */ = {isa = PBXFileReference; lastKnownFileType = sourcecode.swift; path = SceneDelegate.swift; sourceTree = "<group>"; };
		532DD2DF25609D8E0026A8F9 /* ViewController.swift */ = {isa = PBXFileReference; lastKnownFileType = sourcecode.swift; path = ViewController.swift; sourceTree = "<group>"; };
		532DD2E225609D8E0026A8F9 /* Base */ = {isa = PBXFileReference; lastKnownFileType = file.storyboard; name = Base; path = Base.lproj/Main.storyboard; sourceTree = "<group>"; };
		532DD2E425609D900026A8F9 /* Assets.xcassets */ = {isa = PBXFileReference; lastKnownFileType = folder.assetcatalog; path = Assets.xcassets; sourceTree = "<group>"; };
		532DD2E725609D900026A8F9 /* Base */ = {isa = PBXFileReference; lastKnownFileType = file.storyboard; name = Base; path = Base.lproj/LaunchScreen.storyboard; sourceTree = "<group>"; };
		532DD2E925609D900026A8F9 /* Info.plist */ = {isa = PBXFileReference; lastKnownFileType = text.plist.xml; path = Info.plist; sourceTree = "<group>"; };
		532DD2EE25609D900026A8F9 /* HelloWorldAppTests.xctest */ = {isa = PBXFileReference; explicitFileType = wrapper.cfbundle; includeInIndex = 0; path = HelloWorldAppTests.xctest; sourceTree = BUILT_PRODUCTS_DIR; };
		532DD2F225609D900026A8F9 /* HelloWorldAppTests.swift */ = {isa = PBXFileReference; lastKnownFileType = sourcecode.swift; path = HelloWorldAppTests.swift; sourceTree = "<group>"; };
		532DD2F425609D900026A8F9 /* Info.plist */ = {isa = PBXFileReference; lastKnownFileType = text.plist.xml; path = Info.plist; sourceTree = "<group>"; };
		532DD2F925609D900026A8F9 /* HelloWorldAppUITests.xctest */ = {isa = PBXFileReference; explicitFileType = wrapper.cfbundle; includeInIndex = 0; path = HelloWorldAppUITests.xctest; sourceTree = BUILT_PRODUCTS_DIR; };
		532DD2FD25609D900026A8F9 /* HelloWorldAppUITests.swift */ = {isa = PBXFileReference; lastKnownFileType = sourcecode.swift; path = HelloWorldAppUITests.swift; sourceTree = "<group>"; };
		532DD2FF25609D900026A8F9 /* Info.plist */ = {isa = PBXFileReference; lastKnownFileType = text.plist.xml; path = Info.plist; sourceTree = "<group>"; };
/* End PBXFileReference section */

/* Begin PBXFrameworksBuildPhase section */
		532DD2D525609D8E0026A8F9 /* Frameworks */ = {
			isa = PBXFrameworksBuildPhase;
			buildActionMask = 2147483647;
			files = (
			);
			runOnlyForDeploymentPostprocessing = 0;
		};
		532DD2EB25609D900026A8F9 /* Frameworks */ = {
			isa = PBXFrameworksBuildPhase;
			buildActionMask = 2147483647;
			files = (
			);
			runOnlyForDeploymentPostprocessing = 0;
		};
		532DD2F625609D900026A8F9 /* Frameworks */ = {
			isa = PBXFrameworksBuildPhase;
			buildActionMask = 2147483647;
			files = (
			);
			runOnlyForDeploymentPostprocessing = 0;
		};
/* End PBXFrameworksBuildPhase section */

/* Begin PBXGroup section */
		532DD2CF25609D8E0026A8F9 = {
			isa = PBXGroup;
			children = (
				532DD2DA25609D8E0026A8F9 /* HelloWorldApp */,
				532DD2F125609D900026A8F9 /* HelloWorldAppTests */,
				532DD2FC25609D900026A8F9 /* HelloWorldAppUITests */,
				532DD2D925609D8E0026A8F9 /* Products */,
			);
			sourceTree = "<group>";
		};
		532DD2D925609D8E0026A8F9 /* Products */ = {
			isa = PBXGroup;
			children = (
				532DD2D825609D8E0026A8F9 /* HelloWorldApp.app */,
				532DD2EE25609D900026A8F9 /* HelloWorldAppTests.xctest */,
				532DD2F925609D900026A8F9 /* HelloWorldAppUITests.xctest */,
			);
			name = Products;
			sourceTree = "<group>";
		};
		532DD2DA25609D8E0026A8F9 /* HelloWorldApp */ = {
			isa = PBXGroup;
			children = (
				532DD2DB25609D8E0026A8F9 /* AppDelegate.swift */,
				532DD2DD25609D8E0026A8F9 /* SceneDelegate.swift */,
				532DD2DF25609D8E0026A8F9 /* ViewController.swift */,
				532DD2E125609D8E0026A8F9 /* Main.storyboard */,
				532DD2E425609D900026A8F9 /* Assets.xcassets */,
				532DD2E625609D900026A8F9 /* LaunchScreen.storyboard */,
				532DD2E925609D900026A8F9 /* Info.plist */,
			);
			path = HelloWorldApp;
			sourceTree = "<group>";
		};
		532DD2F125609D900026A8F9 /* HelloWorldAppTests */ = {
			isa = PBXGroup;
			children = (
				532DD2F225609D900026A8F9 /* HelloWorldAppTests.swift */,
				532DD2F425609D900026A8F9 /* Info.plist */,
			);
			path = HelloWorldAppTests;
			sourceTree = "<group>";
		};
		532DD2FC25609D900026A8F9 /* HelloWorldAppUITests */ = {
			isa = PBXGroup;
			children = (
				532DD2FD25609D900026A8F9 /* HelloWorldAppUITests.swift */,
				532DD2FF25609D900026A8F9 /* Info.plist */,
			);
			path = HelloWorldAppUITests;
			sourceTree = "<group>";
		};
/* End PBXGroup section */

/* Begin PBXNativeTarget section */
		532DD2D725609D8E0026A8F9 /* HelloWorldApp */ = {
			isa = PBXNativeTarget;
			buildConfigurationList = 532DD30225609D900026A8F9 /* Build configuration list for PBXNativeTarget "HelloWorldApp" */;
			buildPhases = (
				532DD2D425609D8E0026A8F9 /* Sources */,
				532DD2D525609D8E0026A8F9 /* Frameworks */,
				532DD2D625609D8E0026A8F9 /* Resources */,
			);
			buildRules = (
			);
			dependencies = (
			);
			name = HelloWorldApp;
			productName = HelloWorldApp;
			productReference = 532DD2D825609D8E0026A8F9 /* HelloWorldApp.app */;
			productType = "com.apple.product-type.application";
		};
		532DD2ED25609D900026A8F9 /* HelloWorldAppTests */ = {
			isa = PBXNativeTarget;
			buildConfigurationList = 532DD30525609D900026A8F9 /* Build configuration list for PBXNativeTarget "HelloWorldAppTests" */;
			buildPhases = (
				532DD2EA25609D900026A8F9 /* Sources */,
				532DD2EB25609D900026A8F9 /* Frameworks */,
				532DD2EC25609D900026A8F9 /* Resources */,
			);
			buildRules = (
			);
			dependencies = (
				532DD2F025609D900026A8F9 /* PBXTargetDependency */,
			);
			name = HelloWorldAppTests;
			productName = HelloWorldAppTests;
			productReference = 532DD2EE25609D900026A8F9 /* HelloWorldAppTests.xctest */;
			productType = "com.apple.product-type.bundle.unit-test";
		};
		532DD2F825609D900026A8F9 /* HelloWorldAppUITests */ = {
			isa = PBXNativeTarget;
			buildConfigurationList = 532DD30825609D900026A8F9 /* Build configuration list for PBXNativeTarget "HelloWorldAppUITests" */;
			buildPhases = (
				532DD2F525609D900026A8F9 /* Sources */,
				532DD2F625609D900026A8F9 /* Frameworks */,
				532DD2F725609D900026A8F9 /* Resources */,
			);
			buildRules = (
			);
			dependencies = (
				532DD2FB25609D900026A8F9 /* PBXTargetDependency */,
			);
			name = HelloWorldAppUITests;
			productName = HelloWorldAppUITests;
			productReference = 532DD2F925609D900026A8F9 /* HelloWorldAppUITests.xctest */;
			productType = "com.apple.product-type.bundle.ui-testing";
		};
/* End PBXNativeTarget section */

/* Begin PBXProject section */
		532DD2D025609D8E0026A8F9 /* Project object */ = {
			isa = PBXProject;
			attributes = {
				LastSwiftUpdateCheck = 1200;
				LastUpgradeCheck = 1200;
				TargetAttributes = {
					532DD2D725609D8E0026A8F9 = {
						CreatedOnToolsVersion = 12.0;
					};
					532DD2ED25609D900026A8F9 = {
						CreatedOnToolsVersion = 12.0;
						TestTargetID = 532DD2D725609D8E0026A8F9;
					};
					532DD2F825609D900026A8F9 = {
						CreatedOnToolsVersion = 12.0;
						TestTargetID = 532DD2D725609D8E0026A8F9;
					};
				};
			};
			buildConfigurationList = 532DD2D325609D8E0026A8F9 /* Build configuration list for PBXProject "HelloWorldApp" */;
			compatibilityVersion = "Xcode 9.3";
			developmentRegion = en;
			hasScannedForEncodings = 0;
			knownRegions = (
				en,
				Base,
			);
			mainGroup = 532DD2CF25609D8E0026A8F9;
			productRefGroup = 532DD2D925609D8E0026A8F9 /* Products */;
			projectDirPath = "";
			projectRoot = "";
			targets = (
				532DD2D725609D8E0026A8F9 /* HelloWorldApp */,
				532DD2ED25609D900026A8F9 /* HelloWorldAppTests */,
				532DD2F825609D900026A8F9 /* HelloWorldAppUITests */,
			);
		};
/* End PBXProject section */

/* Begin PBXResourcesBuildPhase section */
		532DD2D625609D8E0026A8F9 /* Resources */ = {
			isa = PBXResourcesBuildPhase;
			buildActionMask = 2147483647;
			files = (
				532DD2E825609D900026A8F9 /* LaunchScreen.storyboard in Resources */,
				532DD2E525609D900026A8F9 /* Assets.xcassets in Resources */,
				532DD2E325609D8E0026A8F9 /* Main.storyboard in Resources */,
			);
			runOnlyForDeploymentPostprocessing = 0;
		};
		532DD2EC25609D900026A8F9 /* Resources */ = {
			isa = PBXResourcesBuildPhase;
			buildActionMask = 2147483647;
			files = (
			);
			runOnlyForDeploymentPostprocessing = 0;
		};
		532DD2F725609D900026A8F9 /* Resources */ = {
			isa = PBXResourcesBuildPhase;
			buildActionMask = 2147483647;
			files = (
			);
			runOnlyForDeploymentPostprocessing = 0;
		};
/* End PBXResourcesBuildPhase section */

/* Begin PBXSourcesBuildPhase section */
		532DD2D425609D8E0026A8F9 /* Sources */ = {
			isa = PBXSourcesBuildPhase;
			buildActionMask = 2147483647;
			files = (
				532DD2E025609D8E0026A8F9 /* ViewController.swift in Sources */,
				532DD2DC25609D8E0026A8F9 /* AppDelegate.swift in Sources */,
				532DD2DE25609D8E0026A8F9 /* SceneDelegate.swift in Sources */,
			);
			runOnlyForDeploymentPostprocessing = 0;
		};
		532DD2EA25609D900026A8F9 /* Sources */ = {
			isa = PBXSourcesBuildPhase;
			buildActionMask = 2147483647;
			files = (
				532DD2F325609D900026A8F9 /* HelloWorldAppTests.swift in Sources */,
			);
			runOnlyForDeploymentPostprocessing = 0;
		};
		532DD2F525609D900026A8F9 /* Sources */ = {
			isa = PBXSourcesBuildPhase;
			buildActionMask = 2147483647;
			files = (
				532DD2FE25609D900026A8F9 /* HelloWorldAppUITests.swift in Sources */,
			);
			runOnlyForDeploymentPostprocessing = 0;
		};
/* End PBXSourcesBuildPhase section */

/* Begin PBXTargetDependency section */
		532DD2F025609D900026A8F9 /* PBXTargetDependency */ = {
			isa = PBXTargetDependency;
			target = 532DD2D725609D8E0026A8F9 /* HelloWorldApp */;
			targetProxy = 532DD2EF25609D900026A8F9 /* PBXContainerItemProxy */;
		};
		532DD2FB25609D900026A8F9 /* PBXTargetDependency */ = {
			isa = PBXTargetDependency;
			target = 532DD2D725609D8E0026A8F9 /* HelloWorldApp */;
			targetProxy = 532DD2FA25609D900026A8F9 /* PBXContainerItemProxy */;
		};
/* End PBXTargetDependency section */

/* Begin PBXVariantGroup section */
		532DD2E125609D8E0026A8F9 /* Main.storyboard */ = {
			isa = PBXVariantGroup;
			children = (
				532DD2E225609D8E0026A8F9 /* Base */,
			);
			name = Main.storyboard;
			sourceTree = "<group>";
		};
		532DD2E625609D900026A8F9 /* LaunchScreen.storyboard */ = {
			isa = PBXVariantGroup;
			children = (
				532DD2E725609D900026A8F9 /* Base */,
			);
			name = LaunchScreen.storyboard;
			sourceTree = "<group>";
		};
/* End PBXVariantGroup section */

/* Begin XCBuildConfiguration section */
		532DD30025609D900026A8F9 /* Debug */ = {
			isa = XCBuildConfiguration;
			buildSettings = {
				ALWAYS_SEARCH_USER_PATHS = NO;
				CLANG_ANALYZER_NONNULL = YES;
				CLANG_ANALYZER_NUMBER_OBJECT_CONVERSION = YES_AGGRESSIVE;
				CLANG_CXX_LANGUAGE_STANDARD = "gnu++14";
				CLANG_CXX_LIBRARY = "libc++";
				CLANG_ENABLE_MODULES = YES;
				CLANG_ENABLE_OBJC_ARC = YES;
				CLANG_ENABLE_OBJC_WEAK = YES;
				CLANG_WARN_BLOCK_CAPTURE_AUTORELEASING = YES;
				CLANG_WARN_BOOL_CONVERSION = YES;
				CLANG_WARN_COMMA = YES;
				CLANG_WARN_CONSTANT_CONVERSION = YES;
				CLANG_WARN_DEPRECATED_OBJC_IMPLEMENTATIONS = YES;
				CLANG_WARN_DIRECT_OBJC_ISA_USAGE = YES_ERROR;
				CLANG_WARN_DOCUMENTATION_COMMENTS = YES;
				CLANG_WARN_EMPTY_BODY = YES;
				CLANG_WARN_ENUM_CONVERSION = YES;
				CLANG_WARN_INFINITE_RECURSION = YES;
				CLANG_WARN_INT_CONVERSION = YES;
				CLANG_WARN_NON_LITERAL_NULL_CONVERSION = YES;
				CLANG_WARN_OBJC_IMPLICIT_RETAIN_SELF = YES;
				CLANG_WARN_OBJC_LITERAL_CONVERSION = YES;
				CLANG_WARN_OBJC_ROOT_CLASS = YES_ERROR;
				CLANG_WARN_QUOTED_INCLUDE_IN_FRAMEWORK_HEADER = YES;
				CLANG_WARN_RANGE_LOOP_ANALYSIS = YES;
				CLANG_WARN_STRICT_PROTOTYPES = YES;
				CLANG_WARN_SUSPICIOUS_MOVE = YES;
				CLANG_WARN_UNGUARDED_AVAILABILITY = YES_AGGRESSIVE;
				CLANG_WARN_UNREACHABLE_CODE = YES;
				CLANG_WARN__DUPLICATE_METHOD_MATCH = YES;
				COPY_PHASE_STRIP = NO;
				DEBUG_INFORMATION_FORMAT = dwarf;
				ENABLE_STRICT_OBJC_MSGSEND = YES;
				ENABLE_TESTABILITY = YES;
				GCC_C_LANGUAGE_STANDARD = gnu11;
				GCC_DYNAMIC_NO_PIC = NO;
				GCC_NO_COMMON_BLOCKS = YES;
				GCC_OPTIMIZATION_LEVEL = 0;
				GCC_PREPROCESSOR_DEFINITIONS = (
					"DEBUG=1",
					"$(inherited)",
				);
				GCC_WARN_64_TO_32_BIT_CONVERSION = YES;
				GCC_WARN_ABOUT_RETURN_TYPE = YES_ERROR;
				GCC_WARN_UNDECLARED_SELECTOR = YES;
				GCC_WARN_UNINITIALIZED_AUTOS = YES_AGGRESSIVE;
				GCC_WARN_UNUSED_FUNCTION = YES;
				GCC_WARN_UNUSED_VARIABLE = YES;
				IPHONEOS_DEPLOYMENT_TARGET = 14.0;
				MTL_ENABLE_DEBUG_INFO = INCLUDE_SOURCE;
				MTL_FAST_MATH = YES;
				ONLY_ACTIVE_ARCH = YES;
				SDKROOT = iphoneos;
				SWIFT_ACTIVE_COMPILATION_CONDITIONS = DEBUG;
				SWIFT_OPTIMIZATION_LEVEL = "-Onone";
			};
			name = Debug;
		};
		532DD30125609D900026A8F9 /* Release */ = {
			isa = XCBuildConfiguration;
			buildSettings = {
				ALWAYS_SEARCH_USER_PATHS = NO;
				CLANG_ANALYZER_NONNULL = YES;
				CLANG_ANALYZER_NUMBER_OBJECT_CONVERSION = YES_AGGRESSIVE;
				CLANG_CXX_LANGUAGE_STANDARD = "gnu++14";
				CLANG_CXX_LIBRARY = "libc++";
				CLANG_ENABLE_MODULES = YES;
				CLANG_ENABLE_OBJC_ARC = YES;
				CLANG_ENABLE_OBJC_WEAK = YES;
				CLANG_WARN_BLOCK_CAPTURE_AUTORELEASING = YES;
				CLANG_WARN_BOOL_CONVERSION = YES;
				CLANG_WARN_COMMA = YES;
				CLANG_WARN_CONSTANT_CONVERSION = YES;
				CLANG_WARN_DEPRECATED_OBJC_IMPLEMENTATIONS = YES;
				CLANG_WARN_DIRECT_OBJC_ISA_USAGE = YES_ERROR;
				CLANG_WARN_DOCUMENTATION_COMMENTS = YES;
				CLANG_WARN_EMPTY_BODY = YES;
				CLANG_WARN_ENUM_CONVERSION = YES;
				CLANG_WARN_INFINITE_RECURSION = YES;
				CLANG_WARN_INT_CONVERSION = YES;
				CLANG_WARN_NON_LITERAL_NULL_CONVERSION = YES;
				CLANG_WARN_OBJC_IMPLICIT_RETAIN_SELF = YES;
				CLANG_WARN_OBJC_LITERAL_CONVERSION = YES;
				CLANG_WARN_OBJC_ROOT_CLASS = YES_ERROR;
				CLANG_WARN_QUOTED_INCLUDE_IN_FRAMEWORK_HEADER = YES;
				CLANG_WARN_RANGE_LOOP_ANALYSIS = YES;
				CLANG_WARN_STRICT_PROTOTYPES = YES;
				CLANG_WARN_SUSPICIOUS_MOVE = YES;
				CLANG_WARN_UNGUARDED_AVAILABILITY = YES_AGGRESSIVE;
				CLANG_WARN_UNREACHABLE_CODE = YES;
				CLANG_WARN__DUPLICATE_METHOD_MATCH = YES;
				COPY_PHASE_STRIP = NO;
				DEBUG_INFORMATION_FORMAT = "dwarf-with-dsym";
				ENABLE_NS_ASSERTIONS = NO;
				ENABLE_STRICT_OBJC_MSGSEND = YES;
				GCC_C_LANGUAGE_STANDARD = gnu11;
				GCC_NO_COMMON_BLOCKS = YES;
				GCC_WARN_64_TO_32_BIT_CONVERSION = YES;
				GCC_WARN_ABOUT_RETURN_TYPE = YES_ERROR;
				GCC_WARN_UNDECLARED_SELECTOR = YES;
				GCC_WARN_UNINITIALIZED_AUTOS = YES_AGGRESSIVE;
				GCC_WARN_UNUSED_FUNCTION = YES;
				GCC_WARN_UNUSED_VARIABLE = YES;
				IPHONEOS_DEPLOYMENT_TARGET = 14.0;
				MTL_ENABLE_DEBUG_INFO = NO;
				MTL_FAST_MATH = YES;
				SDKROOT = iphoneos;
				SWIFT_COMPILATION_MODE = wholemodule;
				SWIFT_OPTIMIZATION_LEVEL = "-O";
				VALIDATE_PRODUCT = YES;
			};
			name = Release;
		};
		532DD30325609D900026A8F9 /* Debug */ = {
			isa = XCBuildConfiguration;
			buildSettings = {
				ASSETCATALOG_COMPILER_APPICON_NAME = AppIcon;
				ASSETCATALOG_COMPILER_GLOBAL_ACCENT_COLOR_NAME = AccentColor;
				CODE_SIGN_STYLE = Automatic;
				INFOPLIST_FILE = HelloWorldApp/Info.plist;
				LD_RUNPATH_SEARCH_PATHS = (
					"$(inherited)",
					"@executable_path/Frameworks",
				);
				PRODUCT_BUNDLE_IDENTIFIER = com.AbuButt.HelloWorldApp;
				PRODUCT_NAME = "$(TARGET_NAME)";
				SWIFT_VERSION = 5.0;
				TARGETED_DEVICE_FAMILY = "1,2";
			};
			name = Debug;
		};
		532DD30425609D900026A8F9 /* Release */ = {
			isa = XCBuildConfiguration;
			buildSettings = {
				ASSETCATALOG_COMPILER_APPICON_NAME = AppIcon;
				ASSETCATALOG_COMPILER_GLOBAL_ACCENT_COLOR_NAME = AccentColor;
				CODE_SIGN_STYLE = Automatic;
				INFOPLIST_FILE = HelloWorldApp/Info.plist;
				LD_RUNPATH_SEARCH_PATHS = (
					"$(inherited)",
					"@executable_path/Frameworks",
				);
				PRODUCT_BUNDLE_IDENTIFIER = com.AbuButt.HelloWorldApp;
				PRODUCT_NAME = "$(TARGET_NAME)";
				SWIFT_VERSION = 5.0;
				TARGETED_DEVICE_FAMILY = "1,2";
			};
			name = Release;
		};
		532DD30625609D900026A8F9 /* Debug */ = {
			isa = XCBuildConfiguration;
			buildSettings = {
				ALWAYS_EMBED_SWIFT_STANDARD_LIBRARIES = YES;
				BUNDLE_LOADER = "$(TEST_HOST)";
				CODE_SIGN_STYLE = Automatic;
				INFOPLIST_FILE = HelloWorldAppTests/Info.plist;
				IPHONEOS_DEPLOYMENT_TARGET = 14.0;
				LD_RUNPATH_SEARCH_PATHS = (
					"$(inherited)",
					"@executable_path/Frameworks",
					"@loader_path/Frameworks",
				);
				PRODUCT_BUNDLE_IDENTIFIER = com.AbuButt.HelloWorldAppTests;
				PRODUCT_NAME = "$(TARGET_NAME)";
				SWIFT_VERSION = 5.0;
				TARGETED_DEVICE_FAMILY = "1,2";
				TEST_HOST = "$(BUILT_PRODUCTS_DIR)/HelloWorldApp.app/HelloWorldApp";
			};
			name = Debug;
		};
		532DD30725609D900026A8F9 /* Release */ = {
			isa = XCBuildConfiguration;
			buildSettings = {
				ALWAYS_EMBED_SWIFT_STANDARD_LIBRARIES = YES;
				BUNDLE_LOADER = "$(TEST_HOST)";
				CODE_SIGN_STYLE = Automatic;
				INFOPLIST_FILE = HelloWorldAppTests/Info.plist;
				IPHONEOS_DEPLOYMENT_TARGET = 14.0;
				LD_RUNPATH_SEARCH_PATHS = (
					"$(inherited)",
					"@executable_path/Frameworks",
					"@loader_path/Frameworks",
				);
				PRODUCT_BUNDLE_IDENTIFIER = com.AbuButt.HelloWorldAppTests;
				PRODUCT_NAME = "$(TARGET_NAME)";
				SWIFT_VERSION = 5.0;
				TARGETED_DEVICE_FAMILY = "1,2";
				TEST_HOST = "$(BUILT_PRODUCTS_DIR)/HelloWorldApp.app/HelloWorldApp";
			};
			name = Release;
		};
		532DD30925609D900026A8F9 /* Debug */ = {
			isa = XCBuildConfiguration;
			buildSettings = {
				ALWAYS_EMBED_SWIFT_STANDARD_LIBRARIES = YES;
				CODE_SIGN_STYLE = Automatic;
				INFOPLIST_FILE = HelloWorldAppUITests/Info.plist;
				LD_RUNPATH_SEARCH_PATHS = (
					"$(inherited)",
					"@executable_path/Frameworks",
					"@loader_path/Frameworks",
				);
				PRODUCT_BUNDLE_IDENTIFIER = com.AbuButt.HelloWorldAppUITests;
				PRODUCT_NAME = "$(TARGET_NAME)";
				SWIFT_VERSION = 5.0;
				TARGETED_DEVICE_FAMILY = "1,2";
				TEST_TARGET_NAME = HelloWorldApp;
			};
			name = Debug;
		};
		532DD30A25609D900026A8F9 /* Release */ = {
			isa = XCBuildConfiguration;
			buildSettings = {
				ALWAYS_EMBED_SWIFT_STANDARD_LIBRARIES = YES;
				CODE_SIGN_STYLE = Automatic;
				INFOPLIST_FILE = HelloWorldAppUITests/Info.plist;
				LD_RUNPATH_SEARCH_PATHS = (
					"$(inherited)",
					"@executable_path/Frameworks",
					"@loader_path/Frameworks",
				);
				PRODUCT_BUNDLE_IDENTIFIER = com.AbuButt.HelloWorldAppUITests;
				PRODUCT_NAME = "$(TARGET_NAME)";
				SWIFT_VERSION = 5.0;
				TARGETED_DEVICE_FAMILY = "1,2";
				TEST_TARGET_NAME = HelloWorldApp;
			};
			name = Release;
		};
/* End XCBuildConfiguration section */

/* Begin XCConfigurationList section */
		532DD2D325609D8E0026A8F9 /* Build configuration list for PBXProject "HelloWorldApp" */ = {
			isa = XCConfigurationList;
			buildConfigurations = (
				532DD30025609D900026A8F9 /* Debug */,
				532DD30125609D900026A8F9 /* Release */,
			);
			defaultConfigurationIsVisible = 0;
			defaultConfigurationName = Release;
		};
		532DD30225609D900026A8F9 /* Build configuration list for PBXNativeTarget "HelloWorldApp" */ = {
			isa = XCConfigurationList;
			buildConfigurations = (
				532DD30325609D900026A8F9 /* Debug */,
				532DD30425609D900026A8F9 /* Release */,
			);
			defaultConfigurationIsVisible = 0;
			defaultConfigurationName = Release;
		};
		532DD30525609D900026A8F9 /* Build configuration list for PBXNativeTarget "HelloWorldAppTests" */ = {
			isa = XCConfigurationList;
			buildConfigurations = (
				532DD30625609D900026A8F9 /* Debug */,
				532DD30725609D900026A8F9 /* Release */,
			);
			defaultConfigurationIsVisible = 0;
			defaultConfigurationName = Release;
		};
		532DD30825609D900026A8F9 /* Build configuration list for PBXNativeTarget "HelloWorldAppUITests" */ = {
			isa = XCConfigurationList;
			buildConfigurations = (
				532DD30925609D900026A8F9 /* Debug */,
				532DD30A25609D900026A8F9 /* Release */,
			);
			defaultConfigurationIsVisible = 0;
			defaultConfigurationName = Release;
		};
/* End XCConfigurationList section */
	};
	rootObject = 532DD2D025609D8E0026A8F9 /* Project object */;
}
